
Microsoft Visual Studio Solution File, Format Version 12.00
# Visual Studio Version 16
VisualStudioVersion = 16.0.30223.230
MinimumVisualStudioVersion = 10.0.40219.1
Project("{9A19103F-16F7-4668-BE54-9A1E7A4F7556}") = "InterviewQuestions", "src\InterviewQuestions.csproj", "{C8A82A75-5F17-42C6-AA12-B2B85186051A}"
EndProject
Project("{FAE04EC0-301F-11D3-BF4B-00C04F79EFBC}") = "CommonLibrary", "CommonLibrary\CommonLibrary.csproj", "{DA0B434F-AC0F-4730-9218-5F08BBE7151A}"
EndProject
Project("{FAE04EC0-301F-11D3-BF4B-00C04F79EFBC}") = "TesterLibrary", "TesterLibrary\TesterLibrary.csproj", "{216427A7-946D-45C4-B353-31078E2F742F}"
EndProject
Global
	GlobalSection(SolutionConfigurationPlatforms) = preSolution
		Debug|Any CPU = Debug|Any CPU
		Release|Any CPU = Release|Any CPU
	EndGlobalSection
	GlobalSection(ProjectConfigurationPlatforms) = postSolution
		{C8A82A75-5F17-42C6-AA12-B2B85186051A}.Debug|Any CPU.ActiveCfg = Debug|Any CPU
		{C8A82A75-5F17-42C6-AA12-B2B85186051A}.Debug|Any CPU.Build.0 = Debug|Any CPU
		{C8A82A75-5F17-42C6-AA12-B2B85186051A}.Release|Any CPU.ActiveCfg = Release|Any CPU
		{C8A82A75-5F17-42C6-AA12-B2B85186051A}.Release|Any CPU.Build.0 = Release|Any CPU
		{DA0B434F-AC0F-4730-9218-5F08BBE7151A}.Debug|Any CPU.ActiveCfg = Debug|Any CPU
		{DA0B434F-AC0F-4730-9218-5F08BBE7151A}.Debug|Any CPU.Build.0 = Debug|Any CPU
		{DA0B434F-AC0F-4730-9218-5F08BBE7151A}.Release|Any CPU.ActiveCfg = Release|Any CPU
		{DA0B434F-AC0F-4730-9218-5F08BBE7151A}.Release|Any CPU.Build.0 = Release|Any CPU
		{216427A7-946D-45C4-B353-31078E2F742F}.Debug|Any CPU.ActiveCfg = Debug|Any CPU
		{216427A7-946D-45C4-B353-31078E2F742F}.Debug|Any CPU.Build.0 = Debug|Any CPU
		{216427A7-946D-45C4-B353-31078E2F742F}.Release|Any CPU.ActiveCfg = Release|Any CPU
		{216427A7-946D-45C4-B353-31078E2F742F}.Release|Any CPU.Build.0 = Release|Any CPU
	EndGlobalSection
	GlobalSection(SolutionProperties) = preSolution
		HideSolutionNode = FALSE
	EndGlobalSection
	GlobalSection(ExtensibilityGlobals) = postSolution
		SolutionGuid = {6192942B-C2AE-4F77-8B0C-B6F6A0A655F4}
	EndGlobalSection
EndGlobal
